numpy==2.2.6 \
    --hash=sha256:f2618db89be1b4e05f7a1a847a9c1c0abd63e63a1607d892dd54668dd92faf87 \
    --hash=sha256:fd83c01228a688733f1ded5201c678f0c53ecc1006ffbc404db9f7a899ac6249 \
    --hash=sha256:f92729c95468a2f4f15e9bb94c432a9229d0d50de67304399627a943201baa2f \
    --hash=sha256:1bc23a79bfabc5d056d106f9befb8d50c31ced2fbc70eedb8155aec74a45798f \
    --hash=sha256:f1372f041402e37e5e633e586f62aa53de2eac8d98cbfb822806ce4bbefcb74d
pydicom==3.0.1 \
    --hash=sha256:db32f78b2641bd7972096b8289111ddab01fb221610de8d7afa835eb938adb41
